[root]
name = "raytracer"
version = "0.0.1"
dependencies = [
 "cgmath 0.0.1 (git+https://github.com/bjz/cgmath-rs.git#f514fb28830ef55da8f4eccda8a1cfaf170b63f5)",
 "lodepng 0.1.0 (git+https://github.com/pornel/lodepng-rust.git#dda3c7848cac2591745d5e967577b7517d28f2a2)",
 "sdl2 0.0.1-alpha.1 (git+https://github.com/AngryLawyer/rust-sdl2.git#99c95bd85641234b29b361000681e9df132b5529)",
]

[[package]]
name = "cgmath"
version = "0.0.1"
source = "git+https://github.com/bjz/cgmath-rs.git#f514fb28830ef55da8f4eccda8a1cfaf170b63f5"

[[package]]
name = "lodepng"
version = "0.1.0"
source = "git+https://github.com/pornel/lodepng-rust.git#dda3c7848cac2591745d5e967577b7517d28f2a2"

[[package]]
name = "sdl2"
version = "0.0.1-alpha.1"
source = "git+https://github.com/AngryLawyer/rust-sdl2.git#99c95bd85641234b29b361000681e9df132b5529"

